
Microsoft Visual Studio Solution File, Format Version 12.00
# Visual Studio Version 17
VisualStudioVersion = 17.5.33502.453
MinimumVisualStudioVersion = 10.0.40219.1
Project("{FAE04EC0-301F-11D3-BF4B-00C04F79EFBC}") = "Lab02", "Lab02\Lab02.csproj", "{99FF44D1-A88C-404A-87A9-5B10A14CF2D2}"
EndProject
Global
	GlobalSection(SolutionConfigurationPlatforms) = preSolution
		Debug|Any CPU = Debug|Any CPU
		Release|Any CPU = Release|Any CPU
	EndGlobalSection
	GlobalSection(ProjectConfigurationPlatforms) = postSolution
		{99FF44D1-A88C-404A-87A9-5B10A14CF2D2}.Debug|Any CPU.ActiveCfg = Debug|Any CPU
		{99FF44D1-A88C-404A-87A9-5B10A14CF2D2}.Debug|Any CPU.Build.0 = Debug|Any CPU
		{99FF44D1-A88C-404A-87A9-5B10A14CF2D2}.Release|Any CPU.ActiveCfg = Release|Any CPU
		{99FF44D1-A88C-404A-87A9-5B10A14CF2D2}.Release|Any CPU.Build.0 = Release|Any CPU
	EndGlobalSection
	GlobalSection(SolutionProperties) = preSolution
		HideSolutionNode = FALSE
	EndGlobalSection
	GlobalSection(ExtensibilityGlobals) = postSolution
		SolutionGuid = {6B51B058-DC3B-4ECE-8D9B-781BC2E5DDB1}
	EndGlobalSection
EndGlobal
