
Microsoft Visual Studio Solution File, Format Version 12.00
# Visual Studio Version 17
VisualStudioVersion = 17.5.33502.453
MinimumVisualStudioVersion = 10.0.40219.1
Project("{FAE04EC0-301F-11D3-BF4B-00C04F79EFBC}") = "Bai1", "Bai1\Bai1.csproj", "{F5016B83-14F6-45A5-B9CF-0240CDD2456C}"
EndProject
Global
	GlobalSection(SolutionConfigurationPlatforms) = preSolution
		Debug|Any CPU = Debug|Any CPU
		Release|Any CPU = Release|Any CPU
	EndGlobalSection
	GlobalSection(ProjectConfigurationPlatforms) = postSolution
		{F5016B83-14F6-45A5-B9CF-0240CDD2456C}.Debug|Any CPU.ActiveCfg = Debug|Any CPU
		{F5016B83-14F6-45A5-B9CF-0240CDD2456C}.Debug|Any CPU.Build.0 = Debug|Any CPU
		{F5016B83-14F6-45A5-B9CF-0240CDD2456C}.Release|Any CPU.ActiveCfg = Release|Any CPU
		{F5016B83-14F6-45A5-B9CF-0240CDD2456C}.Release|Any CPU.Build.0 = Release|Any CPU
	EndGlobalSection
	GlobalSection(SolutionProperties) = preSolution
		HideSolutionNode = FALSE
	EndGlobalSection
	GlobalSection(ExtensibilityGlobals) = postSolution
		SolutionGuid = {9500AEC6-7185-435D-A2D5-F753CACD4C19}
	EndGlobalSection
EndGlobal
