
Microsoft Visual Studio Solution File, Format Version 12.00
# Visual Studio Version 17
VisualStudioVersion = 17.5.33530.505
MinimumVisualStudioVersion = 10.0.40219.1
Project("{FAE04EC0-301F-11D3-BF4B-00C04F79EFBC}") = "LoginDemo", "LoginDemo.csproj", "{4F6BDA0F-8B9E-4046-ACE3-659CDA8FB7DF}"
EndProject
Global
	GlobalSection(SolutionConfigurationPlatforms) = preSolution
		Debug|Any CPU = Debug|Any CPU
		Release|Any CPU = Release|Any CPU
	EndGlobalSection
	GlobalSection(ProjectConfigurationPlatforms) = postSolution
		{4F6BDA0F-8B9E-4046-ACE3-659CDA8FB7DF}.Debug|Any CPU.ActiveCfg = Debug|Any CPU
		{4F6BDA0F-8B9E-4046-ACE3-659CDA8FB7DF}.Debug|Any CPU.Build.0 = Debug|Any CPU
		{4F6BDA0F-8B9E-4046-ACE3-659CDA8FB7DF}.Release|Any CPU.ActiveCfg = Release|Any CPU
		{4F6BDA0F-8B9E-4046-ACE3-659CDA8FB7DF}.Release|Any CPU.Build.0 = Release|Any CPU
	EndGlobalSection
	GlobalSection(SolutionProperties) = preSolution
		HideSolutionNode = FALSE
	EndGlobalSection
	GlobalSection(ExtensibilityGlobals) = postSolution
		SolutionGuid = {C2727E53-ED3F-4488-9AE3-BC8464CC8C35}
	EndGlobalSection
EndGlobal
