
Microsoft Visual Studio Solution File, Format Version 12.00
# Visual Studio Version 17
VisualStudioVersion = 17.5.33502.453
MinimumVisualStudioVersion = 10.0.40219.1
Project("{FAE04EC0-301F-11D3-BF4B-00C04F79EFBC}") = "Proj_Razor_Demo", "Proj_Razor_Demo\Proj_Razor_Demo.csproj", "{678AE227-3880-464B-B71A-2BE25AA7AAFF}"
EndProject
Global
	GlobalSection(SolutionConfigurationPlatforms) = preSolution
		Debug|Any CPU = Debug|Any CPU
		Release|Any CPU = Release|Any CPU
	EndGlobalSection
	GlobalSection(ProjectConfigurationPlatforms) = postSolution
		{678AE227-3880-464B-B71A-2BE25AA7AAFF}.Debug|Any CPU.ActiveCfg = Debug|Any CPU
		{678AE227-3880-464B-B71A-2BE25AA7AAFF}.Debug|Any CPU.Build.0 = Debug|Any CPU
		{678AE227-3880-464B-B71A-2BE25AA7AAFF}.Release|Any CPU.ActiveCfg = Release|Any CPU
		{678AE227-3880-464B-B71A-2BE25AA7AAFF}.Release|Any CPU.Build.0 = Release|Any CPU
	EndGlobalSection
	GlobalSection(SolutionProperties) = preSolution
		HideSolutionNode = FALSE
	EndGlobalSection
	GlobalSection(ExtensibilityGlobals) = postSolution
		SolutionGuid = {4C1A8FDE-10E5-45A8-8C0A-642488C90236}
	EndGlobalSection
EndGlobal
